Microsoft Visual Studio Solution File, Format Version 12.00
# Visual Studio 14
VisualStudioVersion = 14.0.25420.1
MinimumVisualStudioVersion = 10.0.40219.1
Project("{E24C65DC-7377-472B-9ABA-BC803B73C61A}") = "_rimworld", "_rimworld\", "{2173D849-7B74-49D7-873B-06D4283FBFD8}"
	ProjectSection(WebsiteProperties) = preProject
		TargetFrameworkMoniker = ".NETFramework,Version%3Dv3.5"
		Debug.AspNetCompiler.VirtualPath = "/localhost_9922"
		Debug.AspNetCompiler.PhysicalPath = "_rimworld\"
		Debug.AspNetCompiler.TargetPath = "PrecompiledWeb\localhost_9922\"
		Debug.AspNetCompiler.Updateable = "true"
		Debug.AspNetCompiler.ForceOverwrite = "true"
		Debug.AspNetCompiler.FixedNames = "false"
		Debug.AspNetCompiler.Debug = "True"
		Release.AspNetCompiler.VirtualPath = "/localhost_9922"
		Release.AspNetCompiler.PhysicalPath = "_rimworld\"
		Release.AspNetCompiler.TargetPath = "PrecompiledWeb\localhost_9922\"
		Release.AspNetCompiler.Updateable = "true"
		Release.AspNetCompiler.ForceOverwrite = "true"
		Release.AspNetCompiler.FixedNames = "false"
		Release.AspNetCompiler.Debug = "False"
		VWDPort = "9922"
		SlnRelativePath = "_rimworld\"
	EndProjectSection
EndProject
Project("{2150E333-8FDC-42A3-9474-1A3956D46DE8}") = "1.1", "1.1", "{810BF847-B3C0-4F60-ADE5-CA0F9D2BEC04}"
EndProject
Project("{FAE04EC0-301F-11D3-BF4B-00C04F79EFBC}") = "OgreStack", "1.1\OgreStack.csproj", "{17FFC0C9-4A6D-41C3-B90C-076DC4E6927B}"
EndProject
Project("{2150E333-8FDC-42A3-9474-1A3956D46DE8}") = "1.2", "1.2", "{100245FF-F45B-43BF-BBD3-6416BC5824CF}"
EndProject
Project("{FAE04EC0-301F-11D3-BF4B-00C04F79EFBC}") = "OgreStack", "1.2\OgreStack.csproj", "{5072359B-015A-46A4-B02C-E72851589312}"
EndProject
Project("{2150E333-8FDC-42A3-9474-1A3956D46DE8}") = "1.3", "1.3", "{D77859AF-40A4-47C5-9BCD-FD083887C394}"
EndProject
Project("{FAE04EC0-301F-11D3-BF4B-00C04F79EFBC}") = "OgreStack", "1.3\OgreStack.csproj", "{8F50D707-7E5C-4927-848E-22F5CB6CDBC5}"
EndProject
Global
	GlobalSection(SolutionConfigurationPlatforms) = preSolution
		Debug|Any CPU = Debug|Any CPU
		Release|Any CPU = Release|Any CPU
	EndGlobalSection
	GlobalSection(ProjectConfigurationPlatforms) = postSolution
		{2173D849-7B74-49D7-873B-06D4283FBFD8}.Debug|Any CPU.ActiveCfg = Debug|Any CPU
		{2173D849-7B74-49D7-873B-06D4283FBFD8}.Release|Any CPU.ActiveCfg = Debug|Any CPU
		{2173D849-7B74-49D7-873B-06D4283FBFD8}.Release|Any CPU.Build.0 = Debug|Any CPU
		{17FFC0C9-4A6D-41C3-B90C-076DC4E6927B}.Debug|Any CPU.ActiveCfg = Debug|Any CPU
		{17FFC0C9-4A6D-41C3-B90C-076DC4E6927B}.Release|Any CPU.ActiveCfg = Release|Any CPU
		{17FFC0C9-4A6D-41C3-B90C-076DC4E6927B}.Release|Any CPU.Build.0 = Release|Any CPU
		{5072359B-015A-46A4-B02C-E72851589312}.Debug|Any CPU.ActiveCfg = Debug|Any CPU
		{5072359B-015A-46A4-B02C-E72851589312}.Release|Any CPU.ActiveCfg = Release|Any CPU
		{5072359B-015A-46A4-B02C-E72851589312}.Release|Any CPU.Build.0 = Release|Any CPU
		{8F50D707-7E5C-4927-848E-22F5CB6CDBC5}.Debug|Any CPU.ActiveCfg = Debug|Any CPU
		{8F50D707-7E5C-4927-848E-22F5CB6CDBC5}.Debug|Any CPU.Build.0 = Debug|Any CPU
		{8F50D707-7E5C-4927-848E-22F5CB6CDBC5}.Release|Any CPU.ActiveCfg = Release|Any CPU
		{8F50D707-7E5C-4927-848E-22F5CB6CDBC5}.Release|Any CPU.Build.0 = Release|Any CPU
	EndGlobalSection
	GlobalSection(SolutionProperties) = preSolution
		HideSolutionNode = FALSE
	EndGlobalSection
	GlobalSection(NestedProjects) = preSolution
		{17FFC0C9-4A6D-41C3-B90C-076DC4E6927B} = {810BF847-B3C0-4F60-ADE5-CA0F9D2BEC04}
		{5072359B-015A-46A4-B02C-E72851589312} = {100245FF-F45B-43BF-BBD3-6416BC5824CF}
		{8F50D707-7E5C-4927-848E-22F5CB6CDBC5} = {D77859AF-40A4-47C5-9BCD-FD083887C394}
	EndGlobalSection
EndGlobal
