
Microsoft Visual Studio Solution File, Format Version 12.00
# Visual Studio 14
VisualStudioVersion = 14.0.25420.1
MinimumVisualStudioVersion = 10.0.40219.1
Project("{FAE04EC0-301F-11D3-BF4B-00C04F79EFBC}") = "OgreStack", "OgreStack.csproj", "{660B6FE9-6706-4992-BC93-6AF58492D750}"
EndProject
Project("{E24C65DC-7377-472B-9ABA-BC803B73C61A}") = "_rimworld", "_rimworld\", "{2173D849-7B74-49D7-873B-06D4283FBFD8}"
	ProjectSection(WebsiteProperties) = preProject
		TargetFrameworkMoniker = ".NETFramework,Version%3Dv3.5"
		Debug.AspNetCompiler.VirtualPath = "/localhost_9922"
		Debug.AspNetCompiler.PhysicalPath = "_rimworld\"
		Debug.AspNetCompiler.TargetPath = "PrecompiledWeb\localhost_9922\"
		Debug.AspNetCompiler.Updateable = "true"
		Debug.AspNetCompiler.ForceOverwrite = "true"
		Debug.AspNetCompiler.FixedNames = "false"
		Debug.AspNetCompiler.Debug = "True"
		Release.AspNetCompiler.VirtualPath = "/localhost_9922"
		Release.AspNetCompiler.PhysicalPath = "_rimworld\"
		Release.AspNetCompiler.TargetPath = "PrecompiledWeb\localhost_9922\"
		Release.AspNetCompiler.Updateable = "true"
		Release.AspNetCompiler.ForceOverwrite = "true"
		Release.AspNetCompiler.FixedNames = "false"
		Release.AspNetCompiler.Debug = "False"
		VWDPort = "9922"
		SlnRelativePath = "_rimworld\"
	EndProjectSection
EndProject
Global
	GlobalSection(SolutionConfigurationPlatforms) = preSolution
		Debug|Any CPU = Debug|Any CPU
		Release|Any CPU = Release|Any CPU
	EndGlobalSection
	GlobalSection(ProjectConfigurationPlatforms) = postSolution
		{660B6FE9-6706-4992-BC93-6AF58492D750}.Debug|Any CPU.ActiveCfg = Debug|Any CPU
		{660B6FE9-6706-4992-BC93-6AF58492D750}.Debug|Any CPU.Build.0 = Debug|Any CPU
		{660B6FE9-6706-4992-BC93-6AF58492D750}.Release|Any CPU.ActiveCfg = Release|Any CPU
		{660B6FE9-6706-4992-BC93-6AF58492D750}.Release|Any CPU.Build.0 = Release|Any CPU
		{2173D849-7B74-49D7-873B-06D4283FBFD8}.Debug|Any CPU.ActiveCfg = Debug|Any CPU
		{2173D849-7B74-49D7-873B-06D4283FBFD8}.Release|Any CPU.ActiveCfg = Debug|Any CPU
		{2173D849-7B74-49D7-873B-06D4283FBFD8}.Release|Any CPU.Build.0 = Debug|Any CPU
	EndGlobalSection
	GlobalSection(SolutionProperties) = preSolution
		HideSolutionNode = FALSE
	EndGlobalSection
EndGlobal
